
Microsoft Visual Studio Solution File, Format Version 12.00
# Visual Studio Version 17
VisualStudioVersion = 17.2.32526.322
MinimumVisualStudioVersion = 10.0.40219.1
Project("{FAE04EC0-301F-11D3-BF4B-00C04F79EFBC}") = "CodingWorkshop", "CodingWorkshop.csproj", "{5E66E3AC-D081-499A-8C49-E2966E935934}"
EndProject
Global
	GlobalSection(SolutionConfigurationPlatforms) = preSolution
		Debug|Any CPU = Debug|Any CPU
		Release|Any CPU = Release|Any CPU
	EndGlobalSection
	GlobalSection(ProjectConfigurationPlatforms) = postSolution
		{5E66E3AC-D081-499A-8C49-E2966E935934}.Debug|Any CPU.ActiveCfg = Debug|Any CPU
		{5E66E3AC-D081-499A-8C49-E2966E935934}.Debug|Any CPU.Build.0 = Debug|Any CPU
		{5E66E3AC-D081-499A-8C49-E2966E935934}.Release|Any CPU.ActiveCfg = Release|Any CPU
		{5E66E3AC-D081-499A-8C49-E2966E935934}.Release|Any CPU.Build.0 = Release|Any CPU
	EndGlobalSection
	GlobalSection(SolutionProperties) = preSolution
		HideSolutionNode = FALSE
	EndGlobalSection
	GlobalSection(ExtensibilityGlobals) = postSolution
		SolutionGuid = {D5174452-208A-4AE0-954E-72A772C128A7}
	EndGlobalSection
EndGlobal
